// !$*UTF8*$!
{
	archiveVersion = 1;
	classes = {
	};
	objectVersion = 50;
	objects = {

/* Begin PBXBuildFile section */
		5455709B2550083400324D3E /* AppDelegate.swift in Sources */ = {isa = PBXBuildFile; fileRef = 5455709A2550083400324D3E /* AppDelegate.swift */; };
		5455709D2550083400324D3E /* SceneDelegate.swift in Sources */ = {isa = PBXBuildFile; fileRef = 5455709C2550083400324D3E /* SceneDelegate.swift */; };
		5455709F2550083400324D3E /* ViewController.swift in Sources */ = {isa = PBXBuildFile; fileRef = 5455709E2550083400324D3E /* ViewController.swift */; };
		545570A22550083400324D3E /* Main.storyboard in Resources */ = {isa = PBXBuildFile; fileRef = 545570A02550083400324D3E /* Main.storyboard */; };
		545570A42550083800324D3E /* Assets.xcassets in Resources */ = {isa = PBXBuildFile; fileRef = 545570A32550083800324D3E /* Assets.xcassets */; };
		545570A72550083800324D3E /* LaunchScreen.storyboard in Resources */ = {isa = PBXBuildFile; fileRef = 545570A52550083800324D3E /* LaunchScreen.storyboard */; };
		5481D51925514D4D00F70FC3 /* NewsDataModel.swift in Sources */ = {isa = PBXBuildFile; fileRef = 5481D51825514D4D00F70FC3 /* NewsDataModel.swift */; };
		5481D51D25522DF800F70FC3 /* NewsTableViewController.swift in Sources */ = {isa = PBXBuildFile; fileRef = 5481D51C25522DF800F70FC3 /* NewsTableViewController.swift */; };
		648B693EAEC6FD2080EFFCDE /* Pods_news.framework in Frameworks */ = {isa = PBXBuildFile; fileRef = 3DD85F706DC1C2BD5ED23122 /* Pods_news.framework */; };
/* End PBXBuildFile section */

/* Begin PBXFileReference section */
		3DD85F706DC1C2BD5ED23122 /* Pods_news.framework */ = {isa = PBXFileReference; explicitFileType = wrapper.framework; includeInIndex = 0; path = Pods_news.framework; sourceTree = BUILT_PRODUCTS_DIR; };
		545570972550083400324D3E /* news.app */ = {isa = PBXFileReference; explicitFileType = wrapper.application; includeInIndex = 0; path = news.app; sourceTree = BUILT_PRODUCTS_DIR; };
		5455709A2550083400324D3E /* AppDelegate.swift */ = {isa = PBXFileReference; lastKnownFileType = sourcecode.swift; path = AppDelegate.swift; sourceTree = "<group>"; };
		5455709C2550083400324D3E /* SceneDelegate.swift */ = {isa = PBXFileReference; lastKnownFileType = sourcecode.swift; path = SceneDelegate.swift; sourceTree = "<group>"; };
		5455709E2550083400324D3E /* ViewController.swift */ = {isa = PBXFileReference; lastKnownFileType = sourcecode.swift; path = ViewController.swift; sourceTree = "<group>"; };
		545570A12550083400324D3E /* Base */ = {isa = PBXFileReference; lastKnownFileType = file.storyboard; name = Base; path = Base.lproj/Main.storyboard; sourceTree = "<group>"; };
		545570A32550083800324D3E /* Assets.xcassets */ = {isa = PBXFileReference; lastKnownFileType = folder.assetcatalog; path = Assets.xcassets; sourceTree = "<group>"; };
		545570A62550083800324D3E /* Base */ = {isa = PBXFileReference; lastKnownFileType = file.storyboard; name = Base; path = Base.lproj/LaunchScreen.storyboard; sourceTree = "<group>"; };
		545570A82550083800324D3E /* Info.plist */ = {isa = PBXFileReference; lastKnownFileType = text.plist.xml; path = Info.plist; sourceTree = "<group>"; };
		5481D51825514D4D00F70FC3 /* NewsDataModel.swift */ = {isa = PBXFileReference; lastKnownFileType = sourcecode.swift; path = NewsDataModel.swift; sourceTree = "<group>"; };
		5481D51C25522DF800F70FC3 /* NewsTableViewController.swift */ = {isa = PBXFileReference; lastKnownFileType = sourcecode.swift; path = NewsTableViewController.swift; sourceTree = "<group>"; };
		A5B96BB31F82951A83A56C51 /* Pods-news.debug.xcconfig */ = {isa = PBXFileReference; includeInIndex = 1; lastKnownFileType = text.xcconfig; name = "Pods-news.debug.xcconfig"; path = "Target Support Files/Pods-news/Pods-news.debug.xcconfig"; sourceTree = "<group>"; };
		B5A5B1506E793EEED9E12FC0 /* Pods-news.release.xcconfig */ = {isa = PBXFileReference; includeInIndex = 1; lastKnownFileType = text.xcconfig; name = "Pods-news.release.xcconfig"; path = "Target Support Files/Pods-news/Pods-news.release.xcconfig"; sourceTree = "<group>"; };
/* End PBXFileReference section */

/* Begin PBXFrameworksBuildPhase section */
		545570942550083400324D3E /* Frameworks */ = {
			isa = PBXFrameworksBuildPhase;
			buildActionMask = 2147483647;
			files = (
				648B693EAEC6FD2080EFFCDE /* Pods_news.framework in Frameworks */,
			);
			runOnlyForDeploymentPostprocessing = 0;
		};
/* End PBXFrameworksBuildPhase section */

/* Begin PBXGroup section */
		5455708E2550083400324D3E = {
			isa = PBXGroup;
			children = (
				545570992550083400324D3E /* news */,
				545570982550083400324D3E /* Products */,
				F728F1CF131B36EEB7EEA95C /* Pods */,
				CB077B76CC846E495AD65797 /* Frameworks */,
			);
			sourceTree = "<group>";
		};
		545570982550083400324D3E /* Products */ = {
			isa = PBXGroup;
			children = (
				545570972550083400324D3E /* news.app */,
			);
			name = Products;
			sourceTree = "<group>";
		};
		545570992550083400324D3E /* news */ = {
			isa = PBXGroup;
			children = (
				5481D51725514D3700F70FC3 /* Model */,
				5481D51B25522D8C00F70FC3 /* Controller */,
				5481D51A25522B8300F70FC3 /* View */,
				545570A32550083800324D3E /* Assets.xcassets */,
				545570A52550083800324D3E /* LaunchScreen.storyboard */,
				545570A82550083800324D3E /* Info.plist */,
			);
			path = news;
			sourceTree = "<group>";
		};
		5481D51725514D3700F70FC3 /* Model */ = {
			isa = PBXGroup;
			children = (
				5481D51825514D4D00F70FC3 /* NewsDataModel.swift */,
			);
			path = Model;
			sourceTree = "<group>";
		};
		5481D51A25522B8300F70FC3 /* View */ = {
			isa = PBXGroup;
			children = (
				545570A02550083400324D3E /* Main.storyboard */,
			);
			path = View;
			sourceTree = "<group>";
		};
		5481D51B25522D8C00F70FC3 /* Controller */ = {
			isa = PBXGroup;
			children = (
				5455709A2550083400324D3E /* AppDelegate.swift */,
				5455709C2550083400324D3E /* SceneDelegate.swift */,
				5455709E2550083400324D3E /* ViewController.swift */,
				5481D51C25522DF800F70FC3 /* NewsTableViewController.swift */,
			);
			path = Controller;
			sourceTree = "<group>";
		};
		CB077B76CC846E495AD65797 /* Frameworks */ = {
			isa = PBXGroup;
			children = (
				3DD85F706DC1C2BD5ED23122 /* Pods_news.framework */,
			);
			name = Frameworks;
			sourceTree = "<group>";
		};
		F728F1CF131B36EEB7EEA95C /* Pods */ = {
			isa = PBXGroup;
			children = (
				A5B96BB31F82951A83A56C51 /* Pods-news.debug.xcconfig */,
				B5A5B1506E793EEED9E12FC0 /* Pods-news.release.xcconfig */,
			);
			name = Pods;
			path = Pods;
			sourceTree = "<group>";
		};
/* End PBXGroup section */

/* Begin PBXNativeTarget section */
		545570962550083400324D3E /* news */ = {
			isa = PBXNativeTarget;
			buildConfigurationList = 545570AB2550083800324D3E /* Build configuration list for PBXNativeTarget "news" */;
			buildPhases = (
				6D6D8CF7ACD342B3046B80F8 /* [CP] Check Pods Manifest.lock */,
				545570932550083400324D3E /* Sources */,
				545570942550083400324D3E /* Frameworks */,
				545570952550083400324D3E /* Resources */,
				B3D02673C8666D35BF9B903F /* [CP] Embed Pods Frameworks */,
			);
			buildRules = (
			);
			dependencies = (
			);
			name = news;
			productName = news;
			productReference = 545570972550083400324D3E /* news.app */;
			productType = "com.apple.product-type.application";
		};
/* End PBXNativeTarget section */

/* Begin PBXProject section */
		5455708F2550083400324D3E /* Project object */ = {
			isa = PBXProject;
			attributes = {
				LastSwiftUpdateCheck = 1170;
				LastUpgradeCheck = 1170;
				ORGANIZATIONNAME = aayushi;
				TargetAttributes = {
					545570962550083400324D3E = {
						CreatedOnToolsVersion = 11.7;
					};
				};
			};
			buildConfigurationList = 545570922550083400324D3E /* Build configuration list for PBXProject "news" */;
			compatibilityVersion = "Xcode 9.3";
			developmentRegion = en;
			hasScannedForEncodings = 0;
			knownRegions = (
				en,
				Base,
			);
			mainGroup = 5455708E2550083400324D3E;
			productRefGroup = 545570982550083400324D3E /* Products */;
			projectDirPath = "";
			projectRoot = "";
			targets = (
				545570962550083400324D3E /* news */,
			);
		};
/* End PBXProject section */

/* Begin PBXResourcesBuildPhase section */
		545570952550083400324D3E /* Resources */ = {
			isa = PBXResourcesBuildPhase;
			buildActionMask = 2147483647;
			files = (
				545570A72550083800324D3E /* LaunchScreen.storyboard in Resources */,
				545570A42550083800324D3E /* Assets.xcassets in Resources */,
				545570A22550083400324D3E /* Main.storyboard in Resources */,
			);
			runOnlyForDeploymentPostprocessing = 0;
		};
/* End PBXResourcesBuildPhase section */

/* Begin PBXShellScriptBuildPhase section */
		6D6D8CF7ACD342B3046B80F8 /* [CP] Check Pods Manifest.lock */ = {
			isa = PBXShellScriptBuildPhase;
			buildActionMask = 2147483647;
			files = (
			);
			inputFileListPaths = (
			);
			inputPaths = (
				"${PODS_PODFILE_DIR_PATH}/Podfile.lock",
				"${PODS_ROOT}/Manifest.lock",
			);
			name = "[CP] Check Pods Manifest.lock";
			outputFileListPaths = (
			);
			outputPaths = (
				"$(DERIVED_FILE_DIR)/Pods-news-checkManifestLockResult.txt",
			);
			runOnlyForDeploymentPostprocessing = 0;
			shellPath = /bin/sh;
			shellScript = "diff \"${PODS_PODFILE_DIR_PATH}/Podfile.lock\" \"${PODS_ROOT}/Manifest.lock\" > /dev/null\nif [ $? != 0 ] ; then\n    # print error to STDERR\n    echo \"error: The sandbox is not in sync with the Podfile.lock. Run 'pod install' or update your CocoaPods installation.\" >&2\n    exit 1\nfi\n# This output is used by Xcode 'outputs' to avoid re-running this script phase.\necho \"SUCCESS\" > \"${SCRIPT_OUTPUT_FILE_0}\"\n";
			showEnvVarsInLog = 0;
		};
		B3D02673C8666D35BF9B903F /* [CP] Embed Pods Frameworks */ = {
			isa = PBXShellScriptBuildPhase;
			buildActionMask = 2147483647;
			files = (
			);
			inputFileListPaths = (
				"${PODS_ROOT}/Target Support Files/Pods-news/Pods-news-frameworks-${CONFIGURATION}-input-files.xcfilelist",
			);
			name = "[CP] Embed Pods Frameworks";
			outputFileListPaths = (
				"${PODS_ROOT}/Target Support Files/Pods-news/Pods-news-frameworks-${CONFIGURATION}-output-files.xcfilelist",
			);
			runOnlyForDeploymentPostprocessing = 0;
			shellPath = /bin/sh;
			shellScript = "\"${PODS_ROOT}/Target Support Files/Pods-news/Pods-news-frameworks.sh\"\n";
			showEnvVarsInLog = 0;
		};
/* End PBXShellScriptBuildPhase section */

/* Begin PBXSourcesBuildPhase section */
		545570932550083400324D3E /* Sources */ = {
			isa = PBXSourcesBuildPhase;
			buildActionMask = 2147483647;
			files = (
				5455709F2550083400324D3E /* ViewController.swift in Sources */,
				5481D51925514D4D00F70FC3 /* NewsDataModel.swift in Sources */,
				5455709B2550083400324D3E /* AppDelegate.swift in Sources */,
				5481D51D25522DF800F70FC3 /* NewsTableViewController.swift in Sources */,
				5455709D2550083400324D3E /* SceneDelegate.swift in Sources */,
			);
			runOnlyForDeploymentPostprocessing = 0;
		};
/* End PBXSourcesBuildPhase section */

/* Begin PBXVariantGroup section */
		545570A02550083400324D3E /* Main.storyboard */ = {
			isa = PBXVariantGroup;
			children = (
				545570A12550083400324D3E /* Base */,
			);
			name = Main.storyboard;
			sourceTree = "<group>";
		};
		545570A52550083800324D3E /* LaunchScreen.storyboard */ = {
			isa = PBXVariantGroup;
			children = (
				545570A62550083800324D3E /* Base */,
			);
			name = LaunchScreen.storyboard;
			sourceTree = "<group>";
		};
/* End PBXVariantGroup section */

/* Begin XCBuildConfiguration section */
		545570A92550083800324D3E /* Debug */ = {
			isa = XCBuildConfiguration;
			buildSettings = {
				ALWAYS_SEARCH_USER_PATHS = NO;
				CLANG_ANALYZER_NONNULL = YES;
				CLANG_ANALYZER_NUMBER_OBJECT_CONVERSION = YES_AGGRESSIVE;
				CLANG_CXX_LANGUAGE_STANDARD = "gnu++14";
				CLANG_CXX_LIBRARY = "libc++";
				CLANG_ENABLE_MODULES = YES;
				CLANG_ENABLE_OBJC_ARC = YES;
				CLANG_ENABLE_OBJC_WEAK = YES;
				CLANG_WARN_BLOCK_CAPTURE_AUTORELEASING = YES;
				CLANG_WARN_BOOL_CONVERSION = YES;
				CLANG_WARN_COMMA = YES;
				CLANG_WARN_CONSTANT_CONVERSION = YES;
				CLANG_WARN_DEPRECATED_OBJC_IMPLEMENTATIONS = YES;
				CLANG_WARN_DIRECT_OBJC_ISA_USAGE = YES_ERROR;
				CLANG_WARN_DOCUMENTATION_COMMENTS = YES;
				CLANG_WARN_EMPTY_BODY = YES;
				CLANG_WARN_ENUM_CONVERSION = YES;
				CLANG_WARN_INFINITE_RECURSION = YES;
				CLANG_WARN_INT_CONVERSION = YES;
				CLANG_WARN_NON_LITERAL_NULL_CONVERSION = YES;
				CLANG_WARN_OBJC_IMPLICIT_RETAIN_SELF = YES;
				CLANG_WARN_OBJC_LITERAL_CONVERSION = YES;
				CLANG_WARN_OBJC_ROOT_CLASS = YES_ERROR;
				CLANG_WARN_RANGE_LOOP_ANALYSIS = YES;
				CLANG_WARN_STRICT_PROTOTYPES = YES;
				CLANG_WARN_SUSPICIOUS_MOVE = YES;
				CLANG_WARN_UNGUARDED_AVAILABILITY = YES_AGGRESSIVE;
				CLANG_WARN_UNREACHABLE_CODE = YES;
				CLANG_WARN__DUPLICATE_METHOD_MATCH = YES;
				COPY_PHASE_STRIP = NO;
				DEBUG_INFORMATION_FORMAT = dwarf;
				ENABLE_STRICT_OBJC_MSGSEND = YES;
				ENABLE_TESTABILITY = YES;
				GCC_C_LANGUAGE_STANDARD = gnu11;
				GCC_DYNAMIC_NO_PIC = NO;
				GCC_NO_COMMON_BLOCKS = YES;
				GCC_OPTIMIZATION_LEVEL = 0;
				GCC_PREPROCESSOR_DEFINITIONS = (
					"DEBUG=1",
					"$(inherited)",
				);
				GCC_WARN_64_TO_32_BIT_CONVERSION = YES;
				GCC_WARN_ABOUT_RETURN_TYPE = YES_ERROR;
				GCC_WARN_UNDECLARED_SELECTOR = YES;
				GCC_WARN_UNINITIALIZED_AUTOS = YES_AGGRESSIVE;
				GCC_WARN_UNUSED_FUNCTION = YES;
				GCC_WARN_UNUSED_VARIABLE = YES;
				IPHONEOS_DEPLOYMENT_TARGET = 13.7;
				MTL_ENABLE_DEBUG_INFO = INCLUDE_SOURCE;
				MTL_FAST_MATH = YES;
				ONLY_ACTIVE_ARCH = YES;
				SDKROOT = iphoneos;
				SWIFT_ACTIVE_COMPILATION_CONDITIONS = DEBUG;
				SWIFT_OPTIMIZATION_LEVEL = "-Onone";
			};
			name = Debug;
		};
		545570AA2550083800324D3E /* Release */ = {
			isa = XCBuildConfiguration;
			buildSettings = {
				ALWAYS_SEARCH_USER_PATHS = NO;
				CLANG_ANALYZER_NONNULL = YES;
				CLANG_ANALYZER_NUMBER_OBJECT_CONVERSION = YES_AGGRESSIVE;
				CLANG_CXX_LANGUAGE_STANDARD = "gnu++14";
				CLANG_CXX_LIBRARY = "libc++";
				CLANG_ENABLE_MODULES = YES;
				CLANG_ENABLE_OBJC_ARC = YES;
				CLANG_ENABLE_OBJC_WEAK = YES;
				CLANG_WARN_BLOCK_CAPTURE_AUTORELEASING = YES;
				CLANG_WARN_BOOL_CONVERSION = YES;
				CLANG_WARN_COMMA = YES;
				CLANG_WARN_CONSTANT_CONVERSION = YES;
				CLANG_WARN_DEPRECATED_OBJC_IMPLEMENTATIONS = YES;
				CLANG_WARN_DIRECT_OBJC_ISA_USAGE = YES_ERROR;
				CLANG_WARN_DOCUMENTATION_COMMENTS = YES;
				CLANG_WARN_EMPTY_BODY = YES;
				CLANG_WARN_ENUM_CONVERSION = YES;
				CLANG_WARN_INFINITE_RECURSION = YES;
				CLANG_WARN_INT_CONVERSION = YES;
				CLANG_WARN_NON_LITERAL_NULL_CONVERSION = YES;
				CLANG_WARN_OBJC_IMPLICIT_RETAIN_SELF = YES;
				CLANG_WARN_OBJC_LITERAL_CONVERSION = YES;
				CLANG_WARN_OBJC_ROOT_CLASS = YES_ERROR;
				CLANG_WARN_RANGE_LOOP_ANALYSIS = YES;
				CLANG_WARN_STRICT_PROTOTYPES = YES;
				CLANG_WARN_SUSPICIOUS_MOVE = YES;
				CLANG_WARN_UNGUARDED_AVAILABILITY = YES_AGGRESSIVE;
				CLANG_WARN_UNREACHABLE_CODE = YES;
				CLANG_WARN__DUPLICATE_METHOD_MATCH = YES;
				COPY_PHASE_STRIP = NO;
				DEBUG_INFORMATION_FORMAT = "dwarf-with-dsym";
				ENABLE_NS_ASSERTIONS = NO;
				ENABLE_STRICT_OBJC_MSGSEND = YES;
				GCC_C_LANGUAGE_STANDARD = gnu11;
				GCC_NO_COMMON_BLOCKS = YES;
				GCC_WARN_64_TO_32_BIT_CONVERSION = YES;
				GCC_WARN_ABOUT_RETURN_TYPE = YES_ERROR;
				GCC_WARN_UNDECLARED_SELECTOR = YES;
				GCC_WARN_UNINITIALIZED_AUTOS = YES_AGGRESSIVE;
				GCC_WARN_UNUSED_FUNCTION = YES;
				GCC_WARN_UNUSED_VARIABLE = YES;
				IPHONEOS_DEPLOYMENT_TARGET = 13.7;
				MTL_ENABLE_DEBUG_INFO = NO;
				MTL_FAST_MATH = YES;
				SDKROOT = iphoneos;
				SWIFT_COMPILATION_MODE = wholemodule;
				SWIFT_OPTIMIZATION_LEVEL = "-O";
				VALIDATE_PRODUCT = YES;
			};
			name = Release;
		};
		545570AC2550083800324D3E /* Debug */ = {
			isa = XCBuildConfiguration;
			baseConfigurationReference = A5B96BB31F82951A83A56C51 /* Pods-news.debug.xcconfig */;
			buildSettings = {
				ASSETCATALOG_COMPILER_APPICON_NAME = AppIcon;
				CODE_SIGN_STYLE = Automatic;
				INFOPLIST_FILE = news/Info.plist;
				LD_RUNPATH_SEARCH_PATHS = (
					"$(inherited)",
					"@executable_path/Frameworks",
				);
				PRODUCT_BUNDLE_IDENTIFIER = com.aayushi.news.phone.news;
				PRODUCT_NAME = "$(TARGET_NAME)";
				SWIFT_VERSION = 5.0;
				TARGETED_DEVICE_FAMILY = "1,2";
			};
			name = Debug;
		};
		545570AD2550083800324D3E /* Release */ = {
			isa = XCBuildConfiguration;
			baseConfigurationReference = B5A5B1506E793EEED9E12FC0 /* Pods-news.release.xcconfig */;
			buildSettings = {
				ASSETCATALOG_COMPILER_APPICON_NAME = AppIcon;
				CODE_SIGN_STYLE = Automatic;
				INFOPLIST_FILE = news/Info.plist;
				LD_RUNPATH_SEARCH_PATHS = (
					"$(inherited)",
					"@executable_path/Frameworks",
				);
				PRODUCT_BUNDLE_IDENTIFIER = com.aayushi.news.phone.news;
				PRODUCT_NAME = "$(TARGET_NAME)";
				SWIFT_VERSION = 5.0;
				TARGETED_DEVICE_FAMILY = "1,2";
			};
			name = Release;
		};
/* End XCBuildConfiguration section */

/* Begin XCConfigurationList section */
		545570922550083400324D3E /* Build configuration list for PBXProject "news" */ = {
			isa = XCConfigurationList;
			buildConfigurations = (
				545570A92550083800324D3E /* Debug */,
				545570AA2550083800324D3E /* Release */,
			);
			defaultConfigurationIsVisible = 0;
			defaultConfigurationName = Release;
		};
		545570AB2550083800324D3E /* Build configuration list for PBXNativeTarget "news" */ = {
			isa = XCConfigurationList;
			buildConfigurations = (
				545570AC2550083800324D3E /* Debug */,
				545570AD2550083800324D3E /* Release */,
			);
			defaultConfigurationIsVisible = 0;
			defaultConfigurationName = Release;
		};
/* End XCConfigurationList section */
	};
	rootObject = 5455708F2550083400324D3E /* Project object */;
}
