// !$*UTF8*$!
{
	archiveVersion = 1;
	classes = {
	};
	objectVersion = 50;
	objects = {

/* Begin PBXBuildFile section */
		5476DEF1251DC2D500CFB9FC /* AppDelegate.swift in Sources */ = {isa = PBXBuildFile; fileRef = 5476DEF0251DC2D500CFB9FC /* AppDelegate.swift */; };
		5476DEF3251DC2D500CFB9FC /* SceneDelegate.swift in Sources */ = {isa = PBXBuildFile; fileRef = 5476DEF2251DC2D500CFB9FC /* SceneDelegate.swift */; };
		5476DEF5251DC2D500CFB9FC /* ViewController.swift in Sources */ = {isa = PBXBuildFile; fileRef = 5476DEF4251DC2D500CFB9FC /* ViewController.swift */; };
		5476DEF8251DC2D500CFB9FC /* Main.storyboard in Resources */ = {isa = PBXBuildFile; fileRef = 5476DEF6251DC2D500CFB9FC /* Main.storyboard */; };
		5476DEFA251DC2E200CFB9FC /* Assets.xcassets in Resources */ = {isa = PBXBuildFile; fileRef = 5476DEF9251DC2E200CFB9FC /* Assets.xcassets */; };
		5476DEFD251DC2E200CFB9FC /* LaunchScreen.storyboard in Resources */ = {isa = PBXBuildFile; fileRef = 5476DEFB251DC2E200CFB9FC /* LaunchScreen.storyboard */; };
/* End PBXBuildFile section */

/* Begin PBXFileReference section */
		5476DEED251DC2D500CFB9FC /* Dicee app.app */ = {isa = PBXFileReference; explicitFileType = wrapper.application; includeInIndex = 0; path = "Dicee app.app"; sourceTree = BUILT_PRODUCTS_DIR; };
		5476DEF0251DC2D500CFB9FC /* AppDelegate.swift */ = {isa = PBXFileReference; lastKnownFileType = sourcecode.swift; path = AppDelegate.swift; sourceTree = "<group>"; };
		5476DEF2251DC2D500CFB9FC /* SceneDelegate.swift */ = {isa = PBXFileReference; lastKnownFileType = sourcecode.swift; path = SceneDelegate.swift; sourceTree = "<group>"; };
		5476DEF4251DC2D500CFB9FC /* ViewController.swift */ = {isa = PBXFileReference; lastKnownFileType = sourcecode.swift; path = ViewController.swift; sourceTree = "<group>"; };
		5476DEF7251DC2D500CFB9FC /* Base */ = {isa = PBXFileReference; lastKnownFileType = file.storyboard; name = Base; path = Base.lproj/Main.storyboard; sourceTree = "<group>"; };
		5476DEF9251DC2E200CFB9FC /* Assets.xcassets */ = {isa = PBXFileReference; lastKnownFileType = folder.assetcatalog; path = Assets.xcassets; sourceTree = "<group>"; };
		5476DEFC251DC2E200CFB9FC /* Base */ = {isa = PBXFileReference; lastKnownFileType = file.storyboard; name = Base; path = Base.lproj/LaunchScreen.storyboard; sourceTree = "<group>"; };
		5476DEFE251DC2E200CFB9FC /* Info.plist */ = {isa = PBXFileReference; lastKnownFileType = text.plist.xml; path = Info.plist; sourceTree = "<group>"; };
/* End PBXFileReference section */

/* Begin PBXFrameworksBuildPhase section */
		5476DEEA251DC2D500CFB9FC /* Frameworks */ = {
			isa = PBXFrameworksBuildPhase;
			buildActionMask = 2147483647;
			files = (
			);
			runOnlyForDeploymentPostprocessing = 0;
		};
/* End PBXFrameworksBuildPhase section */

/* Begin PBXGroup section */
		5476DEE4251DC2D400CFB9FC = {
			isa = PBXGroup;
			children = (
				5476DEEF251DC2D500CFB9FC /* Dicee app */,
				5476DEEE251DC2D500CFB9FC /* Products */,
			);
			sourceTree = "<group>";
		};
		5476DEEE251DC2D500CFB9FC /* Products */ = {
			isa = PBXGroup;
			children = (
				5476DEED251DC2D500CFB9FC /* Dicee app.app */,
			);
			name = Products;
			sourceTree = "<group>";
		};
		5476DEEF251DC2D500CFB9FC /* Dicee app */ = {
			isa = PBXGroup;
			children = (
				5476DEF0251DC2D500CFB9FC /* AppDelegate.swift */,
				5476DEF2251DC2D500CFB9FC /* SceneDelegate.swift */,
				5476DEF4251DC2D500CFB9FC /* ViewController.swift */,
				5476DEF6251DC2D500CFB9FC /* Main.storyboard */,
				5476DEF9251DC2E200CFB9FC /* Assets.xcassets */,
				5476DEFB251DC2E200CFB9FC /* LaunchScreen.storyboard */,
				5476DEFE251DC2E200CFB9FC /* Info.plist */,
			);
			path = "Dicee app";
			sourceTree = "<group>";
		};
/* End PBXGroup section */

/* Begin PBXNativeTarget section */
		5476DEEC251DC2D500CFB9FC /* Dicee app */ = {
			isa = PBXNativeTarget;
			buildConfigurationList = 5476DF01251DC2E200CFB9FC /* Build configuration list for PBXNativeTarget "Dicee app" */;
			buildPhases = (
				5476DEE9251DC2D500CFB9FC /* Sources */,
				5476DEEA251DC2D500CFB9FC /* Frameworks */,
				5476DEEB251DC2D500CFB9FC /* Resources */,
			);
			buildRules = (
			);
			dependencies = (
			);
			name = "Dicee app";
			productName = "Dicee app";
			productReference = 5476DEED251DC2D500CFB9FC /* Dicee app.app */;
			productType = "com.apple.product-type.application";
		};
/* End PBXNativeTarget section */

/* Begin PBXProject section */
		5476DEE5251DC2D400CFB9FC /* Project object */ = {
			isa = PBXProject;
			attributes = {
				LastSwiftUpdateCheck = 1170;
				LastUpgradeCheck = 1170;
				ORGANIZATIONNAME = nareshkalekar;
				TargetAttributes = {
					5476DEEC251DC2D500CFB9FC = {
						CreatedOnToolsVersion = 11.7;
					};
				};
			};
			buildConfigurationList = 5476DEE8251DC2D400CFB9FC /* Build configuration list for PBXProject "Dicee app" */;
			compatibilityVersion = "Xcode 9.3";
			developmentRegion = en;
			hasScannedForEncodings = 0;
			knownRegions = (
				en,
				Base,
			);
			mainGroup = 5476DEE4251DC2D400CFB9FC;
			productRefGroup = 5476DEEE251DC2D500CFB9FC /* Products */;
			projectDirPath = "";
			projectRoot = "";
			targets = (
				5476DEEC251DC2D500CFB9FC /* Dicee app */,
			);
		};
/* End PBXProject section */

/* Begin PBXResourcesBuildPhase section */
		5476DEEB251DC2D500CFB9FC /* Resources */ = {
			isa = PBXResourcesBuildPhase;
			buildActionMask = 2147483647;
			files = (
				5476DEFD251DC2E200CFB9FC /* LaunchScreen.storyboard in Resources */,
				5476DEFA251DC2E200CFB9FC /* Assets.xcassets in Resources */,
				5476DEF8251DC2D500CFB9FC /* Main.storyboard in Resources */,
			);
			runOnlyForDeploymentPostprocessing = 0;
		};
/* End PBXResourcesBuildPhase section */

/* Begin PBXSourcesBuildPhase section */
		5476DEE9251DC2D500CFB9FC /* Sources */ = {
			isa = PBXSourcesBuildPhase;
			buildActionMask = 2147483647;
			files = (
				5476DEF5251DC2D500CFB9FC /* ViewController.swift in Sources */,
				5476DEF1251DC2D500CFB9FC /* AppDelegate.swift in Sources */,
				5476DEF3251DC2D500CFB9FC /* SceneDelegate.swift in Sources */,
			);
			runOnlyForDeploymentPostprocessing = 0;
		};
/* End PBXSourcesBuildPhase section */

/* Begin PBXVariantGroup section */
		5476DEF6251DC2D500CFB9FC /* Main.storyboard */ = {
			isa = PBXVariantGroup;
			children = (
				5476DEF7251DC2D500CFB9FC /* Base */,
			);
			name = Main.storyboard;
			sourceTree = "<group>";
		};
		5476DEFB251DC2E200CFB9FC /* LaunchScreen.storyboard */ = {
			isa = PBXVariantGroup;
			children = (
				5476DEFC251DC2E200CFB9FC /* Base */,
			);
			name = LaunchScreen.storyboard;
			sourceTree = "<group>";
		};
/* End PBXVariantGroup section */

/* Begin XCBuildConfiguration section */
		5476DEFF251DC2E200CFB9FC /* Debug */ = {
			isa = XCBuildConfiguration;
			buildSettings = {
				ALWAYS_SEARCH_USER_PATHS = NO;
				CLANG_ANALYZER_NONNULL = YES;
				CLANG_ANALYZER_NUMBER_OBJECT_CONVERSION = YES_AGGRESSIVE;
				CLANG_CXX_LANGUAGE_STANDARD = "gnu++14";
				CLANG_CXX_LIBRARY = "libc++";
				CLANG_ENABLE_MODULES = YES;
				CLANG_ENABLE_OBJC_ARC = YES;
				CLANG_ENABLE_OBJC_WEAK = YES;
				CLANG_WARN_BLOCK_CAPTURE_AUTORELEASING = YES;
				CLANG_WARN_BOOL_CONVERSION = YES;
				CLANG_WARN_COMMA = YES;
				CLANG_WARN_CONSTANT_CONVERSION = YES;
				CLANG_WARN_DEPRECATED_OBJC_IMPLEMENTATIONS = YES;
				CLANG_WARN_DIRECT_OBJC_ISA_USAGE = YES_ERROR;
				CLANG_WARN_DOCUMENTATION_COMMENTS = YES;
				CLANG_WARN_EMPTY_BODY = YES;
				CLANG_WARN_ENUM_CONVERSION = YES;
				CLANG_WARN_INFINITE_RECURSION = YES;
				CLANG_WARN_INT_CONVERSION = YES;
				CLANG_WARN_NON_LITERAL_NULL_CONVERSION = YES;
				CLANG_WARN_OBJC_IMPLICIT_RETAIN_SELF = YES;
				CLANG_WARN_OBJC_LITERAL_CONVERSION = YES;
				CLANG_WARN_OBJC_ROOT_CLASS = YES_ERROR;
				CLANG_WARN_RANGE_LOOP_ANALYSIS = YES;
				CLANG_WARN_STRICT_PROTOTYPES = YES;
				CLANG_WARN_SUSPICIOUS_MOVE = YES;
				CLANG_WARN_UNGUARDED_AVAILABILITY = YES_AGGRESSIVE;
				CLANG_WARN_UNREACHABLE_CODE = YES;
				CLANG_WARN__DUPLICATE_METHOD_MATCH = YES;
				COPY_PHASE_STRIP = NO;
				DEBUG_INFORMATION_FORMAT = dwarf;
				ENABLE_STRICT_OBJC_MSGSEND = YES;
				ENABLE_TESTABILITY = YES;
				GCC_C_LANGUAGE_STANDARD = gnu11;
				GCC_DYNAMIC_NO_PIC = NO;
				GCC_NO_COMMON_BLOCKS = YES;
				GCC_OPTIMIZATION_LEVEL = 0;
				GCC_PREPROCESSOR_DEFINITIONS = (
					"DEBUG=1",
					"$(inherited)",
				);
				GCC_WARN_64_TO_32_BIT_CONVERSION = YES;
				GCC_WARN_ABOUT_RETURN_TYPE = YES_ERROR;
				GCC_WARN_UNDECLARED_SELECTOR = YES;
				GCC_WARN_UNINITIALIZED_AUTOS = YES_AGGRESSIVE;
				GCC_WARN_UNUSED_FUNCTION = YES;
				GCC_WARN_UNUSED_VARIABLE = YES;
				IPHONEOS_DEPLOYMENT_TARGET = 13.7;
				MTL_ENABLE_DEBUG_INFO = INCLUDE_SOURCE;
				MTL_FAST_MATH = YES;
				ONLY_ACTIVE_ARCH = YES;
				SDKROOT = iphoneos;
				SWIFT_ACTIVE_COMPILATION_CONDITIONS = DEBUG;
				SWIFT_OPTIMIZATION_LEVEL = "-Onone";
			};
			name = Debug;
		};
		5476DF00251DC2E200CFB9FC /* Release */ = {
			isa = XCBuildConfiguration;
			buildSettings = {
				ALWAYS_SEARCH_USER_PATHS = NO;
				CLANG_ANALYZER_NONNULL = YES;
				CLANG_ANALYZER_NUMBER_OBJECT_CONVERSION = YES_AGGRESSIVE;
				CLANG_CXX_LANGUAGE_STANDARD = "gnu++14";
				CLANG_CXX_LIBRARY = "libc++";
				CLANG_ENABLE_MODULES = YES;
				CLANG_ENABLE_OBJC_ARC = YES;
				CLANG_ENABLE_OBJC_WEAK = YES;
				CLANG_WARN_BLOCK_CAPTURE_AUTORELEASING = YES;
				CLANG_WARN_BOOL_CONVERSION = YES;
				CLANG_WARN_COMMA = YES;
				CLANG_WARN_CONSTANT_CONVERSION = YES;
				CLANG_WARN_DEPRECATED_OBJC_IMPLEMENTATIONS = YES;
				CLANG_WARN_DIRECT_OBJC_ISA_USAGE = YES_ERROR;
				CLANG_WARN_DOCUMENTATION_COMMENTS = YES;
				CLANG_WARN_EMPTY_BODY = YES;
				CLANG_WARN_ENUM_CONVERSION = YES;
				CLANG_WARN_INFINITE_RECURSION = YES;
				CLANG_WARN_INT_CONVERSION = YES;
				CLANG_WARN_NON_LITERAL_NULL_CONVERSION = YES;
				CLANG_WARN_OBJC_IMPLICIT_RETAIN_SELF = YES;
				CLANG_WARN_OBJC_LITERAL_CONVERSION = YES;
				CLANG_WARN_OBJC_ROOT_CLASS = YES_ERROR;
				CLANG_WARN_RANGE_LOOP_ANALYSIS = YES;
				CLANG_WARN_STRICT_PROTOTYPES = YES;
				CLANG_WARN_SUSPICIOUS_MOVE = YES;
				CLANG_WARN_UNGUARDED_AVAILABILITY = YES_AGGRESSIVE;
				CLANG_WARN_UNREACHABLE_CODE = YES;
				CLANG_WARN__DUPLICATE_METHOD_MATCH = YES;
				COPY_PHASE_STRIP = NO;
				DEBUG_INFORMATION_FORMAT = "dwarf-with-dsym";
				ENABLE_NS_ASSERTIONS = NO;
				ENABLE_STRICT_OBJC_MSGSEND = YES;
				GCC_C_LANGUAGE_STANDARD = gnu11;
				GCC_NO_COMMON_BLOCKS = YES;
				GCC_WARN_64_TO_32_BIT_CONVERSION = YES;
				GCC_WARN_ABOUT_RETURN_TYPE = YES_ERROR;
				GCC_WARN_UNDECLARED_SELECTOR = YES;
				GCC_WARN_UNINITIALIZED_AUTOS = YES_AGGRESSIVE;
				GCC_WARN_UNUSED_FUNCTION = YES;
				GCC_WARN_UNUSED_VARIABLE = YES;
				IPHONEOS_DEPLOYMENT_TARGET = 13.7;
				MTL_ENABLE_DEBUG_INFO = NO;
				MTL_FAST_MATH = YES;
				SDKROOT = iphoneos;
				SWIFT_COMPILATION_MODE = wholemodule;
				SWIFT_OPTIMIZATION_LEVEL = "-O";
				VALIDATE_PRODUCT = YES;
			};
			name = Release;
		};
		5476DF02251DC2E200CFB9FC /* Debug */ = {
			isa = XCBuildConfiguration;
			buildSettings = {
				ASSETCATALOG_COMPILER_APPICON_NAME = AppIcon;
				CODE_SIGN_STYLE = Automatic;
				DEVELOPMENT_TEAM = X73QNA94G5;
				INFOPLIST_FILE = "Dicee app/Info.plist";
				LD_RUNPATH_SEARCH_PATHS = (
					"$(inherited)",
					"@executable_path/Frameworks",
				);
				PRODUCT_BUNDLE_IDENTIFIER = "com.dicee.Dicee-app";
				PRODUCT_NAME = "$(TARGET_NAME)";
				SWIFT_VERSION = 5.0;
				TARGETED_DEVICE_FAMILY = "1,2";
			};
			name = Debug;
		};
		5476DF03251DC2E200CFB9FC /* Release */ = {
			isa = XCBuildConfiguration;
			buildSettings = {
				ASSETCATALOG_COMPILER_APPICON_NAME = AppIcon;
				CODE_SIGN_STYLE = Automatic;
				DEVELOPMENT_TEAM = X73QNA94G5;
				INFOPLIST_FILE = "Dicee app/Info.plist";
				LD_RUNPATH_SEARCH_PATHS = (
					"$(inherited)",
					"@executable_path/Frameworks",
				);
				PRODUCT_BUNDLE_IDENTIFIER = "com.dicee.Dicee-app";
				PRODUCT_NAME = "$(TARGET_NAME)";
				SWIFT_VERSION = 5.0;
				TARGETED_DEVICE_FAMILY = "1,2";
			};
			name = Release;
		};
/* End XCBuildConfiguration section */

/* Begin XCConfigurationList section */
		5476DEE8251DC2D400CFB9FC /* Build configuration list for PBXProject "Dicee app" */ = {
			isa = XCConfigurationList;
			buildConfigurations = (
				5476DEFF251DC2E200CFB9FC /* Debug */,
				5476DF00251DC2E200CFB9FC /* Release */,
			);
			defaultConfigurationIsVisible = 0;
			defaultConfigurationName = Release;
		};
		5476DF01251DC2E200CFB9FC /* Build configuration list for PBXNativeTarget "Dicee app" */ = {
			isa = XCConfigurationList;
			buildConfigurations = (
				5476DF02251DC2E200CFB9FC /* Debug */,
				5476DF03251DC2E200CFB9FC /* Release */,
			);
			defaultConfigurationIsVisible = 0;
			defaultConfigurationName = Release;
		};
/* End XCConfigurationList section */
	};
	rootObject = 5476DEE5251DC2D400CFB9FC /* Project object */;
}
